
Microsoft Visual Studio Solution File, Format Version 12.00
# Visual Studio Version 17
VisualStudioVersion = 17.7.34024.191
MinimumVisualStudioVersion = 10.0.40219.1
Project("{FAE04EC0-301F-11D3-BF4B-00C04F79EFBC}") = "LessonsMassive", "LessonsMassive.csproj", "{8A563A24-14F8-4513-BFE7-97CB52E81015}"
EndProject
Global
	GlobalSection(SolutionConfigurationPlatforms) = preSolution
		Debug|Any CPU = Debug|Any CPU
		Release|Any CPU = Release|Any CPU
	EndGlobalSection
	GlobalSection(ProjectConfigurationPlatforms) = postSolution
		{8A563A24-14F8-4513-BFE7-97CB52E81015}.Debug|Any CPU.ActiveCfg = Debug|Any CPU
		{8A563A24-14F8-4513-BFE7-97CB52E81015}.Debug|Any CPU.Build.0 = Debug|Any CPU
		{8A563A24-14F8-4513-BFE7-97CB52E81015}.Release|Any CPU.ActiveCfg = Release|Any CPU
		{8A563A24-14F8-4513-BFE7-97CB52E81015}.Release|Any CPU.Build.0 = Release|Any CPU
	EndGlobalSection
	GlobalSection(SolutionProperties) = preSolution
		HideSolutionNode = FALSE
	EndGlobalSection
	GlobalSection(ExtensibilityGlobals) = postSolution
		SolutionGuid = {B8BE663D-5077-4675-9289-470D4AD46741}
	EndGlobalSection
EndGlobal
